
Microsoft Visual Studio Solution File, Format Version 12.00
# Visual Studio 15
VisualStudioVersion = 15.0.28307.168
MinimumVisualStudioVersion = 10.0.40219.1
Project("{FAE04EC0-301F-11D3-BF4B-00C04F79EFBC}") = "SmartHomeV4", "SmartHomeV4\SmartHomeV4.csproj", "{095A33FF-BA4A-453D-8DE5-DB3690BCAC19}"
EndProject
Global
	GlobalSection(SolutionConfigurationPlatforms) = preSolution
		Debug|Any CPU = Debug|Any CPU
		Release|Any CPU = Release|Any CPU
	EndGlobalSection
	GlobalSection(ProjectConfigurationPlatforms) = postSolution
		{095A33FF-BA4A-453D-8DE5-DB3690BCAC19}.Debug|Any CPU.ActiveCfg = Debug|Any CPU
		{095A33FF-BA4A-453D-8DE5-DB3690BCAC19}.Debug|Any CPU.Build.0 = Debug|Any CPU
		{095A33FF-BA4A-453D-8DE5-DB3690BCAC19}.Release|Any CPU.ActiveCfg = Release|Any CPU
		{095A33FF-BA4A-453D-8DE5-DB3690BCAC19}.Release|Any CPU.Build.0 = Release|Any CPU
	EndGlobalSection
	GlobalSection(SolutionProperties) = preSolution
		HideSolutionNode = FALSE
	EndGlobalSection
	GlobalSection(ExtensibilityGlobals) = postSolution
		SolutionGuid = {1221D3B9-A8ED-41E3-ACAA-8CC0A3504BD2}
	EndGlobalSection
EndGlobal
